schema: '2.0'
stages:
  prepare:
    cmd: python src/prepare.py data/data.xml
    deps:
    - path: data/data.xml
      md5: a304afb96060aad90176268345e10355
      size: 37916850
    - path: src/prepare.py
      md5: 51549a1c87b182ebdd785704f56ffaf1
      size: 1632
    params:
      params.yaml:
        prepare.seed: 20170428
        prepare.split: 0.2
    outs:
    - path: data/prepared
      md5: 20b786b6e6f80e2b3fcf17827ad18597.dir
      size: 23886319
      nfiles: 2
  featurize:
    cmd: python src/featurization.py data/prepared data/features
    deps:
    - path: data/prepared
      md5: 20b786b6e6f80e2b3fcf17827ad18597.dir
      size: 23886319
      nfiles: 2
    - path: src/featurization.py
      md5: 61c592707fd1b33e27819c87cf93f80a
      size: 2470
    params:
      params.yaml:
        featurize.max_features: 3000
        featurize.ngrams: 2
    outs:
    - path: data/features
      md5: c34e82f75c3e24d786081fd9f843e3cd.dir
      size: 12730224
      nfiles: 2
  train:
    cmd: python src/train.py data/features src/models/model.pkl
    deps:
    - path: data/features
      md5: c34e82f75c3e24d786081fd9f843e3cd.dir
      size: 12730224
      nfiles: 2
    - path: src/train.py
      md5: 9ab95496b29b6ea3418bbf20b9fe3473
      size: 1003
    params:
      params.yaml:
        train.min_split: 64
        train.n_est: 105
        train.seed: 20170428
    outs:
    - path: src/models/model.pkl
      md5: ef356ac39872ef5347ade3a15448bf2d
      size: 2337974
  evaluate:
    cmd: python src/evaluate.py src/models/model.pkl data/features src/metrics/scores.json
      src/metrics/prc.json src/metrics/roc.json
    deps:
    - path: data/features
      md5: c34e82f75c3e24d786081fd9f843e3cd.dir
      size: 12730224
      nfiles: 2
    - path: src/evaluate.py
      md5: fb7b5209c9237ea6cf63550e5fe9b817
      size: 2011
    - path: src/models/model.pkl
      md5: ef356ac39872ef5347ade3a15448bf2d
      size: 2337974
    outs:
    - path: src/metrics/prc.json
      md5: f9a092a7aece7b4a30ecd6d1768b9fd6
      size: 141392
    - path: src/metrics/roc.json
      md5: 39fa9c93b76b1779d1c5e833b40a60b7
      size: 52895
    - path: src/metrics/scores.json
      md5: a6e86b71c5d096daefbbd2ac0418b1ae
      size: 76
