schema: '2.0'
stages:
  prepare:
    cmd: python src/prepare.py data/data.xml
    deps:
    - path: data/data.xml
      md5: a304afb96060aad90176268345e10355
      size: 37891850
    - path: src/prepare.py
      md5: 78d06d084d26aa161a100a8fded27346
      size: 1747
    params:
      params.yaml:
        prepare.seed: 20170428
        prepare.split: 0.2
    outs:
    - path: data/prepared
      md5: 8a7ba0ae02e959021c618a01ef775708.dir
      size: 933989
      nfiles: 2
  featurize:
    cmd: python src/featurization.py data/prepared data/features
    deps:
    - path: data/prepared
      md5: 8a7ba0ae02e959021c618a01ef775708.dir
      size: 933989
      nfiles: 2
    - path: src/featurization.py
      md5: 19fe51d3bfea882a15b2859c17912f37
      size: 2392
    params:
      params.yaml:
        featurize.max_features: 2000
        featurize.ngrams: 2
    outs:
    - path: data/features
      md5: c7ad02cc8b7b213f0cbcb4c11ce733ff.dir
      size: 450965
      nfiles: 2
  train:
    cmd: python src/train.py data/features src/models/model.pkl
    deps:
    - path: data/features
      md5: c7ad02cc8b7b213f0cbcb4c11ce733ff.dir
      size: 450965
      nfiles: 2
    - path: src/train.py
      md5: 12e51466be5332cf4781380525bb3b5a
      size: 998
    params:
      params.yaml:
        train.min_split: 64
        train.n_est: 105
        train.seed: 20170428
    outs:
    - path: src/models/model.pkl
      md5: 19574cb65465266e25558c3ec722d8c6
      size: 190869
  evaluate:
    cmd: python src/evaluate.py src/models/model.pkl data/features src/metrics/scores.json
      src/metrics/prc.json src/metrics/roc.json
    deps:
    - path: data/features
      md5: c7ad02cc8b7b213f0cbcb4c11ce733ff.dir
      size: 450965
      nfiles: 2
    - path: src/evaluate.py
      md5: fb7b5209c9237ea6cf63550e5fe9b817
      size: 1943
    - path: src/models/model.pkl
      md5: 19574cb65465266e25558c3ec722d8c6
      size: 190869
    outs:
    - path: src/metrics/prc.json
      md5: 83103a8be890542f9c810f80977bb39f
      size: 9210
    - path: src/metrics/roc.json
      md5: 6d2df6b62fafea4168124e2c8a92708c
      size: 2585
    - path: src/metrics/scores.json
      md5: f13eeb267a83d16a1b783de77b703940
      size: 72
